
Microsoft Visual Studio Solution File, Format Version 12.00
# Visual Studio 14
VisualStudioVersion = 14.0.23107.0
MinimumVisualStudioVersion = 10.0.40219.1
Project("{FAE04EC0-301F-11D3-BF4B-00C04F79EFBC}") = "Pokemon3D.Master.Server", "Pokemon3D.Master.Server\Pokemon3D.Master.Server.csproj", "{7D3656E9-8270-47DB-87C4-9CC223216DBE}"
EndProject
Project("{FAE04EC0-301F-11D3-BF4B-00C04F79EFBC}") = "Pokemon3D.Master.Server.DataContracts", "Pokemon3D.Master.Server.DataContracts\Pokemon3D.Master.Server.DataContracts.csproj", "{F84C24C5-463D-4263-A4BF-5794169E8EDF}"
EndProject
Global
	GlobalSection(SolutionConfigurationPlatforms) = preSolution
		Debug|Any CPU = Debug|Any CPU
		Release|Any CPU = Release|Any CPU
	EndGlobalSection
	GlobalSection(ProjectConfigurationPlatforms) = postSolution
		{7D3656E9-8270-47DB-87C4-9CC223216DBE}.Debug|Any CPU.ActiveCfg = Debug|Any CPU
		{7D3656E9-8270-47DB-87C4-9CC223216DBE}.Debug|Any CPU.Build.0 = Debug|Any CPU
		{7D3656E9-8270-47DB-87C4-9CC223216DBE}.Release|Any CPU.ActiveCfg = Release|Any CPU
		{7D3656E9-8270-47DB-87C4-9CC223216DBE}.Release|Any CPU.Build.0 = Release|Any CPU
		{F84C24C5-463D-4263-A4BF-5794169E8EDF}.Debug|Any CPU.ActiveCfg = Debug|Any CPU
		{F84C24C5-463D-4263-A4BF-5794169E8EDF}.Debug|Any CPU.Build.0 = Debug|Any CPU
		{F84C24C5-463D-4263-A4BF-5794169E8EDF}.Release|Any CPU.ActiveCfg = Release|Any CPU
		{F84C24C5-463D-4263-A4BF-5794169E8EDF}.Release|Any CPU.Build.0 = Release|Any CPU
	EndGlobalSection
	GlobalSection(SolutionProperties) = preSolution
		HideSolutionNode = FALSE
	EndGlobalSection
EndGlobal
